// !$*UTF8*$!
{
	archiveVersion = 1;
	classes = {
	};
	objectVersion = 55;
	objects = {

/* Begin PBXBuildFile section */
		02A3D67A28C14AF800EE6533 /* CustomerView.swift in Sources */ = {isa = PBXBuildFile; fileRef = 02A3D67928C14AF800EE6533 /* CustomerView.swift */; };
		02A3D67E28C14B1D00EE6533 /* ProfileView.swift in Sources */ = {isa = PBXBuildFile; fileRef = 02A3D67D28C14B1D00EE6533 /* ProfileView.swift */; };
		02A3D68028C14DF900EE6533 /* CartView.swift in Sources */ = {isa = PBXBuildFile; fileRef = 02A3D67F28C14DF900EE6533 /* CartView.swift */; };
		02A3D68228C1579700EE6533 /* PhotoPicker.swift in Sources */ = {isa = PBXBuildFile; fileRef = 02A3D68128C1579700EE6533 /* PhotoPicker.swift */; };
		02A3D68428C170AB00EE6533 /* ListRowView.swift in Sources */ = {isa = PBXBuildFile; fileRef = 02A3D68328C170AB00EE6533 /* ListRowView.swift */; };
		02F7AA9C28BFCAAC0030F0D1 /* Edvora_AssignmentApp.swift in Sources */ = {isa = PBXBuildFile; fileRef = 02F7AA9B28BFCAAC0030F0D1 /* Edvora_AssignmentApp.swift */; };
		02F7AA9E28BFCAAC0030F0D1 /* ContentView.swift in Sources */ = {isa = PBXBuildFile; fileRef = 02F7AA9D28BFCAAC0030F0D1 /* ContentView.swift */; };
		02F7AAA028BFCAAD0030F0D1 /* Assets.xcassets in Resources */ = {isa = PBXBuildFile; fileRef = 02F7AA9F28BFCAAD0030F0D1 /* Assets.xcassets */; };
		02F7AAA328BFCAAD0030F0D1 /* Preview Assets.xcassets in Resources */ = {isa = PBXBuildFile; fileRef = 02F7AAA228BFCAAD0030F0D1 /* Preview Assets.xcassets */; };
		02F7AAB128BFD6950030F0D1 /* UsersModel.swift in Sources */ = {isa = PBXBuildFile; fileRef = 02F7AAB028BFD6950030F0D1 /* UsersModel.swift */; };
		02F7AAB328BFD6B60030F0D1 /* ProductsModel.swift in Sources */ = {isa = PBXBuildFile; fileRef = 02F7AAB228BFD6B60030F0D1 /* ProductsModel.swift */; };
		02F7AAB528BFD74F0030F0D1 /* OrdersModel.swift in Sources */ = {isa = PBXBuildFile; fileRef = 02F7AAB428BFD74F0030F0D1 /* OrdersModel.swift */; };
		02F7AAB828BFDEE70030F0D1 /* Networking Manager.swift in Sources */ = {isa = PBXBuildFile; fileRef = 02F7AAB728BFDEE70030F0D1 /* Networking Manager.swift */; };
		02F7AABA28BFE0570030F0D1 /* UsersViewModel.swift in Sources */ = {isa = PBXBuildFile; fileRef = 02F7AAB928BFE0570030F0D1 /* UsersViewModel.swift */; };
		02F7AABD28BFE1880030F0D1 /* Constants.swift in Sources */ = {isa = PBXBuildFile; fileRef = 02F7AABC28BFE1880030F0D1 /* Constants.swift */; };
		02F7AABF28BFE71E0030F0D1 /* ProductsViewModel.swift in Sources */ = {isa = PBXBuildFile; fileRef = 02F7AABE28BFE71E0030F0D1 /* ProductsViewModel.swift */; };
		02F7AAC128BFE7300030F0D1 /* OrdersViewModel.swift in Sources */ = {isa = PBXBuildFile; fileRef = 02F7AAC028BFE7300030F0D1 /* OrdersViewModel.swift */; };
/* End PBXBuildFile section */

/* Begin PBXFileReference section */
		02A3D67928C14AF800EE6533 /* CustomerView.swift */ = {isa = PBXFileReference; lastKnownFileType = sourcecode.swift; path = CustomerView.swift; sourceTree = "<group>"; };
		02A3D67D28C14B1D00EE6533 /* ProfileView.swift */ = {isa = PBXFileReference; lastKnownFileType = sourcecode.swift; path = ProfileView.swift; sourceTree = "<group>"; };
		02A3D67F28C14DF900EE6533 /* CartView.swift */ = {isa = PBXFileReference; lastKnownFileType = sourcecode.swift; path = CartView.swift; sourceTree = "<group>"; };
		02A3D68128C1579700EE6533 /* PhotoPicker.swift */ = {isa = PBXFileReference; lastKnownFileType = sourcecode.swift; path = PhotoPicker.swift; sourceTree = "<group>"; };
		02A3D68328C170AB00EE6533 /* ListRowView.swift */ = {isa = PBXFileReference; lastKnownFileType = sourcecode.swift; path = ListRowView.swift; sourceTree = "<group>"; };
		02F7AA9828BFCAAC0030F0D1 /* Edvora Assignment.app */ = {isa = PBXFileReference; explicitFileType = wrapper.application; includeInIndex = 0; path = "Edvora Assignment.app"; sourceTree = BUILT_PRODUCTS_DIR; };
		02F7AA9B28BFCAAC0030F0D1 /* Edvora_AssignmentApp.swift */ = {isa = PBXFileReference; lastKnownFileType = sourcecode.swift; path = Edvora_AssignmentApp.swift; sourceTree = "<group>"; };
		02F7AA9D28BFCAAC0030F0D1 /* ContentView.swift */ = {isa = PBXFileReference; lastKnownFileType = sourcecode.swift; path = ContentView.swift; sourceTree = "<group>"; };
		02F7AA9F28BFCAAD0030F0D1 /* Assets.xcassets */ = {isa = PBXFileReference; lastKnownFileType = folder.assetcatalog; path = Assets.xcassets; sourceTree = "<group>"; };
		02F7AAA228BFCAAD0030F0D1 /* Preview Assets.xcassets */ = {isa = PBXFileReference; lastKnownFileType = folder.assetcatalog; path = "Preview Assets.xcassets"; sourceTree = "<group>"; };
		02F7AAB028BFD6950030F0D1 /* UsersModel.swift */ = {isa = PBXFileReference; lastKnownFileType = sourcecode.swift; path = UsersModel.swift; sourceTree = "<group>"; };
		02F7AAB228BFD6B60030F0D1 /* ProductsModel.swift */ = {isa = PBXFileReference; lastKnownFileType = sourcecode.swift; path = ProductsModel.swift; sourceTree = "<group>"; };
		02F7AAB428BFD74F0030F0D1 /* OrdersModel.swift */ = {isa = PBXFileReference; lastKnownFileType = sourcecode.swift; path = OrdersModel.swift; sourceTree = "<group>"; };
		02F7AAB728BFDEE70030F0D1 /* Networking Manager.swift */ = {isa = PBXFileReference; lastKnownFileType = sourcecode.swift; path = "Networking Manager.swift"; sourceTree = "<group>"; };
		02F7AAB928BFE0570030F0D1 /* UsersViewModel.swift */ = {isa = PBXFileReference; lastKnownFileType = sourcecode.swift; path = UsersViewModel.swift; sourceTree = "<group>"; };
		02F7AABC28BFE1880030F0D1 /* Constants.swift */ = {isa = PBXFileReference; lastKnownFileType = sourcecode.swift; path = Constants.swift; sourceTree = "<group>"; };
		02F7AABE28BFE71E0030F0D1 /* ProductsViewModel.swift */ = {isa = PBXFileReference; lastKnownFileType = sourcecode.swift; path = ProductsViewModel.swift; sourceTree = "<group>"; };
		02F7AAC028BFE7300030F0D1 /* OrdersViewModel.swift */ = {isa = PBXFileReference; lastKnownFileType = sourcecode.swift; path = OrdersViewModel.swift; sourceTree = "<group>"; };
/* End PBXFileReference section */

/* Begin PBXFrameworksBuildPhase section */
		02F7AA9528BFCAAC0030F0D1 /* Frameworks */ = {
			isa = PBXFrameworksBuildPhase;
			buildActionMask = 2147483647;
			files = (
			);
			runOnlyForDeploymentPostprocessing = 0;
		};
/* End PBXFrameworksBuildPhase section */

/* Begin PBXGroup section */
		02A3D67828C143F200EE6533 /* Views */ = {
			isa = PBXGroup;
			children = (
				02F7AA9D28BFCAAC0030F0D1 /* ContentView.swift */,
				02A3D67928C14AF800EE6533 /* CustomerView.swift */,
				02A3D67F28C14DF900EE6533 /* CartView.swift */,
				02A3D67D28C14B1D00EE6533 /* ProfileView.swift */,
				02A3D68328C170AB00EE6533 /* ListRowView.swift */,
			);
			path = Views;
			sourceTree = "<group>";
		};
		02F7AA8F28BFCAAC0030F0D1 = {
			isa = PBXGroup;
			children = (
				02F7AA9A28BFCAAC0030F0D1 /* Edvora Assignment */,
				02F7AA9928BFCAAC0030F0D1 /* Products */,
			);
			sourceTree = "<group>";
		};
		02F7AA9928BFCAAC0030F0D1 /* Products */ = {
			isa = PBXGroup;
			children = (
				02F7AA9828BFCAAC0030F0D1 /* Edvora Assignment.app */,
			);
			name = Products;
			sourceTree = "<group>";
		};
		02F7AA9A28BFCAAC0030F0D1 /* Edvora Assignment */ = {
			isa = PBXGroup;
			children = (
				02F7AA9B28BFCAAC0030F0D1 /* Edvora_AssignmentApp.swift */,
				02F7AABB28BFE14B0030F0D1 /* Constants */,
				02F7AAB628BFDEC80030F0D1 /* Managers */,
				02F7AAAA28BFD4C10030F0D1 /* ViewModels */,
				02A3D67828C143F200EE6533 /* Views */,
				02F7AAA928BFD4B80030F0D1 /* Models */,
				02F7AA9F28BFCAAD0030F0D1 /* Assets.xcassets */,
				02F7AAA128BFCAAD0030F0D1 /* Preview Content */,
			);
			path = "Edvora Assignment";
			sourceTree = "<group>";
		};
		02F7AAA128BFCAAD0030F0D1 /* Preview Content */ = {
			isa = PBXGroup;
			children = (
				02F7AAA228BFCAAD0030F0D1 /* Preview Assets.xcassets */,
			);
			path = "Preview Content";
			sourceTree = "<group>";
		};
		02F7AAA928BFD4B80030F0D1 /* Models */ = {
			isa = PBXGroup;
			children = (
				02F7AAB028BFD6950030F0D1 /* UsersModel.swift */,
				02F7AAB228BFD6B60030F0D1 /* ProductsModel.swift */,
				02F7AAB428BFD74F0030F0D1 /* OrdersModel.swift */,
			);
			path = Models;
			sourceTree = "<group>";
		};
		02F7AAAA28BFD4C10030F0D1 /* ViewModels */ = {
			isa = PBXGroup;
			children = (
				02F7AAB928BFE0570030F0D1 /* UsersViewModel.swift */,
				02F7AABE28BFE71E0030F0D1 /* ProductsViewModel.swift */,
				02F7AAC028BFE7300030F0D1 /* OrdersViewModel.swift */,
			);
			path = ViewModels;
			sourceTree = "<group>";
		};
		02F7AAB628BFDEC80030F0D1 /* Managers */ = {
			isa = PBXGroup;
			children = (
				02F7AAB728BFDEE70030F0D1 /* Networking Manager.swift */,
				02A3D68128C1579700EE6533 /* PhotoPicker.swift */,
			);
			path = Managers;
			sourceTree = "<group>";
		};
		02F7AABB28BFE14B0030F0D1 /* Constants */ = {
			isa = PBXGroup;
			children = (
				02F7AABC28BFE1880030F0D1 /* Constants.swift */,
			);
			path = Constants;
			sourceTree = "<group>";
		};
/* End PBXGroup section */

/* Begin PBXNativeTarget section */
		02F7AA9728BFCAAC0030F0D1 /* Edvora Assignment */ = {
			isa = PBXNativeTarget;
			buildConfigurationList = 02F7AAA628BFCAAD0030F0D1 /* Build configuration list for PBXNativeTarget "Edvora Assignment" */;
			buildPhases = (
				02F7AA9428BFCAAC0030F0D1 /* Sources */,
				02F7AA9528BFCAAC0030F0D1 /* Frameworks */,
				02F7AA9628BFCAAC0030F0D1 /* Resources */,
			);
			buildRules = (
			);
			dependencies = (
			);
			name = "Edvora Assignment";
			productName = "Edvora Assignment";
			productReference = 02F7AA9828BFCAAC0030F0D1 /* Edvora Assignment.app */;
			productType = "com.apple.product-type.application";
		};
/* End PBXNativeTarget section */

/* Begin PBXProject section */
		02F7AA9028BFCAAC0030F0D1 /* Project object */ = {
			isa = PBXProject;
			attributes = {
				BuildIndependentTargetsInParallel = 1;
				LastSwiftUpdateCheck = 1340;
				LastUpgradeCheck = 1340;
				TargetAttributes = {
					02F7AA9728BFCAAC0030F0D1 = {
						CreatedOnToolsVersion = 13.4.1;
					};
				};
			};
			buildConfigurationList = 02F7AA9328BFCAAC0030F0D1 /* Build configuration list for PBXProject "Edvora Assignment" */;
			compatibilityVersion = "Xcode 13.0";
			developmentRegion = en;
			hasScannedForEncodings = 0;
			knownRegions = (
				en,
				Base,
			);
			mainGroup = 02F7AA8F28BFCAAC0030F0D1;
			productRefGroup = 02F7AA9928BFCAAC0030F0D1 /* Products */;
			projectDirPath = "";
			projectRoot = "";
			targets = (
				02F7AA9728BFCAAC0030F0D1 /* Edvora Assignment */,
			);
		};
/* End PBXProject section */

/* Begin PBXResourcesBuildPhase section */
		02F7AA9628BFCAAC0030F0D1 /* Resources */ = {
			isa = PBXResourcesBuildPhase;
			buildActionMask = 2147483647;
			files = (
				02F7AAA328BFCAAD0030F0D1 /* Preview Assets.xcassets in Resources */,
				02F7AAA028BFCAAD0030F0D1 /* Assets.xcassets in Resources */,
			);
			runOnlyForDeploymentPostprocessing = 0;
		};
/* End PBXResourcesBuildPhase section */

/* Begin PBXSourcesBuildPhase section */
		02F7AA9428BFCAAC0030F0D1 /* Sources */ = {
			isa = PBXSourcesBuildPhase;
			buildActionMask = 2147483647;
			files = (
				02A3D68228C1579700EE6533 /* PhotoPicker.swift in Sources */,
				02F7AABF28BFE71E0030F0D1 /* ProductsViewModel.swift in Sources */,
				02A3D68428C170AB00EE6533 /* ListRowView.swift in Sources */,
				02A3D67E28C14B1D00EE6533 /* ProfileView.swift in Sources */,
				02A3D68028C14DF900EE6533 /* CartView.swift in Sources */,
				02F7AAB528BFD74F0030F0D1 /* OrdersModel.swift in Sources */,
				02F7AABA28BFE0570030F0D1 /* UsersViewModel.swift in Sources */,
				02F7AA9E28BFCAAC0030F0D1 /* ContentView.swift in Sources */,
				02F7AAB828BFDEE70030F0D1 /* Networking Manager.swift in Sources */,
				02F7AA9C28BFCAAC0030F0D1 /* Edvora_AssignmentApp.swift in Sources */,
				02F7AAB128BFD6950030F0D1 /* UsersModel.swift in Sources */,
				02F7AAB328BFD6B60030F0D1 /* ProductsModel.swift in Sources */,
				02A3D67A28C14AF800EE6533 /* CustomerView.swift in Sources */,
				02F7AABD28BFE1880030F0D1 /* Constants.swift in Sources */,
				02F7AAC128BFE7300030F0D1 /* OrdersViewModel.swift in Sources */,
			);
			runOnlyForDeploymentPostprocessing = 0;
		};
/* End PBXSourcesBuildPhase section */

/* Begin XCBuildConfiguration section */
		02F7AAA428BFCAAD0030F0D1 /* Debug */ = {
			isa = XCBuildConfiguration;
			buildSettings = {
				ALWAYS_SEARCH_USER_PATHS = NO;
				CLANG_ANALYZER_NONNULL = YES;
				CLANG_ANALYZER_NUMBER_OBJECT_CONVERSION = YES_AGGRESSIVE;
				CLANG_CXX_LANGUAGE_STANDARD = "gnu++17";
				CLANG_ENABLE_MODULES = YES;
				CLANG_ENABLE_OBJC_ARC = YES;
				CLANG_ENABLE_OBJC_WEAK = YES;
				CLANG_WARN_BLOCK_CAPTURE_AUTORELEASING = YES;
				CLANG_WARN_BOOL_CONVERSION = YES;
				CLANG_WARN_COMMA = YES;
				CLANG_WARN_CONSTANT_CONVERSION = YES;
				CLANG_WARN_DEPRECATED_OBJC_IMPLEMENTATIONS = YES;
				CLANG_WARN_DIRECT_OBJC_ISA_USAGE = YES_ERROR;
				CLANG_WARN_DOCUMENTATION_COMMENTS = YES;
				CLANG_WARN_EMPTY_BODY = YES;
				CLANG_WARN_ENUM_CONVERSION = YES;
				CLANG_WARN_INFINITE_RECURSION = YES;
				CLANG_WARN_INT_CONVERSION = YES;
				CLANG_WARN_NON_LITERAL_NULL_CONVERSION = YES;
				CLANG_WARN_OBJC_IMPLICIT_RETAIN_SELF = YES;
				CLANG_WARN_OBJC_LITERAL_CONVERSION = YES;
				CLANG_WARN_OBJC_ROOT_CLASS = YES_ERROR;
				CLANG_WARN_QUOTED_INCLUDE_IN_FRAMEWORK_HEADER = YES;
				CLANG_WARN_RANGE_LOOP_ANALYSIS = YES;
				CLANG_WARN_STRICT_PROTOTYPES = YES;
				CLANG_WARN_SUSPICIOUS_MOVE = YES;
				CLANG_WARN_UNGUARDED_AVAILABILITY = YES_AGGRESSIVE;
				CLANG_WARN_UNREACHABLE_CODE = YES;
				CLANG_WARN__DUPLICATE_METHOD_MATCH = YES;
				COPY_PHASE_STRIP = NO;
				DEBUG_INFORMATION_FORMAT = dwarf;
				ENABLE_STRICT_OBJC_MSGSEND = YES;
				ENABLE_TESTABILITY = YES;
				GCC_C_LANGUAGE_STANDARD = gnu11;
				GCC_DYNAMIC_NO_PIC = NO;
				GCC_NO_COMMON_BLOCKS = YES;
				GCC_OPTIMIZATION_LEVEL = 0;
				GCC_PREPROCESSOR_DEFINITIONS = (
					"DEBUG=1",
					"$(inherited)",
				);
				GCC_WARN_64_TO_32_BIT_CONVERSION = YES;
				GCC_WARN_ABOUT_RETURN_TYPE = YES_ERROR;
				GCC_WARN_UNDECLARED_SELECTOR = YES;
				GCC_WARN_UNINITIALIZED_AUTOS = YES_AGGRESSIVE;
				GCC_WARN_UNUSED_FUNCTION = YES;
				GCC_WARN_UNUSED_VARIABLE = YES;
				IPHONEOS_DEPLOYMENT_TARGET = 15.5;
				MTL_ENABLE_DEBUG_INFO = INCLUDE_SOURCE;
				MTL_FAST_MATH = YES;
				ONLY_ACTIVE_ARCH = YES;
				SDKROOT = iphoneos;
				SWIFT_ACTIVE_COMPILATION_CONDITIONS = DEBUG;
				SWIFT_OPTIMIZATION_LEVEL = "-Onone";
			};
			name = Debug;
		};
		02F7AAA528BFCAAD0030F0D1 /* Release */ = {
			isa = XCBuildConfiguration;
			buildSettings = {
				ALWAYS_SEARCH_USER_PATHS = NO;
				CLANG_ANALYZER_NONNULL = YES;
				CLANG_ANALYZER_NUMBER_OBJECT_CONVERSION = YES_AGGRESSIVE;
				CLANG_CXX_LANGUAGE_STANDARD = "gnu++17";
				CLANG_ENABLE_MODULES = YES;
				CLANG_ENABLE_OBJC_ARC = YES;
				CLANG_ENABLE_OBJC_WEAK = YES;
				CLANG_WARN_BLOCK_CAPTURE_AUTORELEASING = YES;
				CLANG_WARN_BOOL_CONVERSION = YES;
				CLANG_WARN_COMMA = YES;
				CLANG_WARN_CONSTANT_CONVERSION = YES;
				CLANG_WARN_DEPRECATED_OBJC_IMPLEMENTATIONS = YES;
				CLANG_WARN_DIRECT_OBJC_ISA_USAGE = YES_ERROR;
				CLANG_WARN_DOCUMENTATION_COMMENTS = YES;
				CLANG_WARN_EMPTY_BODY = YES;
				CLANG_WARN_ENUM_CONVERSION = YES;
				CLANG_WARN_INFINITE_RECURSION = YES;
				CLANG_WARN_INT_CONVERSION = YES;
				CLANG_WARN_NON_LITERAL_NULL_CONVERSION = YES;
				CLANG_WARN_OBJC_IMPLICIT_RETAIN_SELF = YES;
				CLANG_WARN_OBJC_LITERAL_CONVERSION = YES;
				CLANG_WARN_OBJC_ROOT_CLASS = YES_ERROR;
				CLANG_WARN_QUOTED_INCLUDE_IN_FRAMEWORK_HEADER = YES;
				CLANG_WARN_RANGE_LOOP_ANALYSIS = YES;
				CLANG_WARN_STRICT_PROTOTYPES = YES;
				CLANG_WARN_SUSPICIOUS_MOVE = YES;
				CLANG_WARN_UNGUARDED_AVAILABILITY = YES_AGGRESSIVE;
				CLANG_WARN_UNREACHABLE_CODE = YES;
				CLANG_WARN__DUPLICATE_METHOD_MATCH = YES;
				COPY_PHASE_STRIP = NO;
				DEBUG_INFORMATION_FORMAT = "dwarf-with-dsym";
				ENABLE_NS_ASSERTIONS = NO;
				ENABLE_STRICT_OBJC_MSGSEND = YES;
				GCC_C_LANGUAGE_STANDARD = gnu11;
				GCC_NO_COMMON_BLOCKS = YES;
				GCC_WARN_64_TO_32_BIT_CONVERSION = YES;
				GCC_WARN_ABOUT_RETURN_TYPE = YES_ERROR;
				GCC_WARN_UNDECLARED_SELECTOR = YES;
				GCC_WARN_UNINITIALIZED_AUTOS = YES_AGGRESSIVE;
				GCC_WARN_UNUSED_FUNCTION = YES;
				GCC_WARN_UNUSED_VARIABLE = YES;
				IPHONEOS_DEPLOYMENT_TARGET = 15.5;
				MTL_ENABLE_DEBUG_INFO = NO;
				MTL_FAST_MATH = YES;
				SDKROOT = iphoneos;
				SWIFT_COMPILATION_MODE = wholemodule;
				SWIFT_OPTIMIZATION_LEVEL = "-O";
				VALIDATE_PRODUCT = YES;
			};
			name = Release;
		};
		02F7AAA728BFCAAD0030F0D1 /* Debug */ = {
			isa = XCBuildConfiguration;
			buildSettings = {
				ASSETCATALOG_COMPILER_APPICON_NAME = AppIcon;
				ASSETCATALOG_COMPILER_GLOBAL_ACCENT_COLOR_NAME = AccentColor;
				CODE_SIGN_STYLE = Automatic;
				CURRENT_PROJECT_VERSION = 1;
				DEVELOPMENT_ASSET_PATHS = "\"Edvora Assignment/Preview Content\"";
				DEVELOPMENT_TEAM = 2P5TPA6QV8;
				ENABLE_PREVIEWS = YES;
				GENERATE_INFOPLIST_FILE = YES;
				INFOPLIST_KEY_UIApplicationSceneManifest_Generation = YES;
				INFOPLIST_KEY_UIApplicationSupportsIndirectInputEvents = YES;
				INFOPLIST_KEY_UILaunchScreen_Generation = YES;
				INFOPLIST_KEY_UISupportedInterfaceOrientations_iPad = "UIInterfaceOrientationPortrait UIInterfaceOrientationPortraitUpsideDown UIInterfaceOrientationLandscapeLeft UIInterfaceOrientationLandscapeRight";
				INFOPLIST_KEY_UISupportedInterfaceOrientations_iPhone = "UIInterfaceOrientationPortrait UIInterfaceOrientationLandscapeLeft UIInterfaceOrientationLandscapeRight";
				LD_RUNPATH_SEARCH_PATHS = (
					"$(inherited)",
					"@executable_path/Frameworks",
				);
				MARKETING_VERSION = 1.0;
				PRODUCT_BUNDLE_IDENTIFIER = "com.adarshShukla.Edvora-Assignment";
				PRODUCT_NAME = "$(TARGET_NAME)";
				SWIFT_EMIT_LOC_STRINGS = YES;
				SWIFT_VERSION = 5.0;
				TARGETED_DEVICE_FAMILY = "1,2";
			};
			name = Debug;
		};
		02F7AAA828BFCAAD0030F0D1 /* Release */ = {
			isa = XCBuildConfiguration;
			buildSettings = {
				ASSETCATALOG_COMPILER_APPICON_NAME = AppIcon;
				ASSETCATALOG_COMPILER_GLOBAL_ACCENT_COLOR_NAME = AccentColor;
				CODE_SIGN_STYLE = Automatic;
				CURRENT_PROJECT_VERSION = 1;
				DEVELOPMENT_ASSET_PATHS = "\"Edvora Assignment/Preview Content\"";
				DEVELOPMENT_TEAM = 2P5TPA6QV8;
				ENABLE_PREVIEWS = YES;
				GENERATE_INFOPLIST_FILE = YES;
				INFOPLIST_KEY_UIApplicationSceneManifest_Generation = YES;
				INFOPLIST_KEY_UIApplicationSupportsIndirectInputEvents = YES;
				INFOPLIST_KEY_UILaunchScreen_Generation = YES;
				INFOPLIST_KEY_UISupportedInterfaceOrientations_iPad = "UIInterfaceOrientationPortrait UIInterfaceOrientationPortraitUpsideDown UIInterfaceOrientationLandscapeLeft UIInterfaceOrientationLandscapeRight";
				INFOPLIST_KEY_UISupportedInterfaceOrientations_iPhone = "UIInterfaceOrientationPortrait UIInterfaceOrientationLandscapeLeft UIInterfaceOrientationLandscapeRight";
				LD_RUNPATH_SEARCH_PATHS = (
					"$(inherited)",
					"@executable_path/Frameworks",
				);
				MARKETING_VERSION = 1.0;
				PRODUCT_BUNDLE_IDENTIFIER = "com.adarshShukla.Edvora-Assignment";
				PRODUCT_NAME = "$(TARGET_NAME)";
				SWIFT_EMIT_LOC_STRINGS = YES;
				SWIFT_VERSION = 5.0;
				TARGETED_DEVICE_FAMILY = "1,2";
			};
			name = Release;
		};
/* End XCBuildConfiguration section */

/* Begin XCConfigurationList section */
		02F7AA9328BFCAAC0030F0D1 /* Build configuration list for PBXProject "Edvora Assignment" */ = {
			isa = XCConfigurationList;
			buildConfigurations = (
				02F7AAA428BFCAAD0030F0D1 /* Debug */,
				02F7AAA528BFCAAD0030F0D1 /* Release */,
			);
			defaultConfigurationIsVisible = 0;
			defaultConfigurationName = Release;
		};
		02F7AAA628BFCAAD0030F0D1 /* Build configuration list for PBXNativeTarget "Edvora Assignment" */ = {
			isa = XCConfigurationList;
			buildConfigurations = (
				02F7AAA728BFCAAD0030F0D1 /* Debug */,
				02F7AAA828BFCAAD0030F0D1 /* Release */,
			);
			defaultConfigurationIsVisible = 0;
			defaultConfigurationName = Release;
		};
/* End XCConfigurationList section */
	};
	rootObject = 02F7AA9028BFCAAC0030F0D1 /* Project object */;
}
